{
    "_meta": {
        "hash": {
            "sha256": "33d3c906dd93d6dce9cf8c32d7b61a214d97f1eca05947e5434e98eb8fd6475c"
        },
        "pipfile-spec": 6,
        "requires": {
            "python_version": "3.6"
        },
        "sources": [
            {
                "name": "pypi",
                "url": "https://pypi.org/simple",
                "verify_ssl": true
            }
        ]
    },
    "default": {
        "freetype-py": {
            "hashes": [
                "sha256:719a639040484a063b99421d104e3911a860d2e034b67769ae438bc1d4aa6e1f",
                "sha256:8059ebad562d465555fa556739906a2429381ba6206989afe2b7c8c87fad19d8",
                "sha256:cf43716bc5246cd54a64b2238b942e8dc80b79eda92f814c720286fa6fab387a",
                "sha256:ede78730db61dc17c4524412aa3fccf038ede65400aa49b9e0a73a7e839a91a2"
            ],
            "version": "==2.2.0"
        },
        "glfw": {
            "hashes": [
                "sha256:12953e121ede2e5980036cd1cc667fa7918b67799b903699616439e3deab6803",
                "sha256:464156ef108801b03f152553622f46b4b2acb080bdab91398dd22a84dfd379b3",
                "sha256:5499f1daa773f6464eb16ac4c8f64c3533408d73863987c4b9131d0a20648f1f",
                "sha256:83db9be8291a3e7ae121a443f874a3e3f3ae75c3e52e66f231db1818553811c4",
                "sha256:8f40d12e9c7599c4d10b74e74ef79c8c7175d966a7fc35e6210b951004e48cf7",
                "sha256:92e95fcf2088c371ce7411e8f34598cccbcb46c88fc7d91a5f19d15b94e961c1",
                "sha256:b0c440534224a371becafb96019f5f4340f8f65d5c2bcbfad537c3f40ca8e307"
            ],
            "version": "==2.1.0"
        },
        "numpy": {
            "hashes": [
                "sha256:0b0dd8f47fb177d00fa6ef2d58783c4f41ad3126b139c91dd2f7c4b3fdf5e9a5",
                "sha256:25ffe71f96878e1da7e014467e19e7db90ae7d4e12affbc73101bcf61785214e",
                "sha256:26efd7f7d755e6ca966a5c0ac5a930a87dbbaab1c51716ac26a38f42ecc9bc4b",
                "sha256:28b1180c758abf34a5c3fea76fcee66a87def1656724c42bb14a6f9717a5bdf7",
                "sha256:2e418f0a59473dac424f888dd57e85f77502a593b207809211c76e5396ae4f5c",
                "sha256:30c84e3a62cfcb9e3066f25226e131451312a044f1fe2040e69ce792cb7de418",
                "sha256:4650d94bb9c947151737ee022b934b7d9a845a7c76e476f3e460f09a0c8c6f39",
                "sha256:4dd830a11e8724c9c9379feed1d1be43113f8bcce55f47ea7186d3946769ce26",
                "sha256:4f2a2b279efde194877aff1f76cf61c68e840db242a5c7169f1ff0fd59a2b1e2",
                "sha256:62d22566b3e3428dfc9ec972014c38ed9a4db4f8969c78f5414012ccd80a149e",
                "sha256:669795516d62f38845c7033679c648903200980d68935baaa17ac5c7ae03ae0c",
                "sha256:75fcd60d682db3e1f8fbe2b8b0c6761937ad56d01c1dc73edf4ef2748d5b6bc4",
                "sha256:9395b0a41e8b7e9a284e3be7060db9d14ad80273841c952c83a5afc241d2bd98",
                "sha256:9e37c35fc4e9410093b04a77d11a34c64bf658565e30df7cbe882056088a91c1",
                "sha256:a0678793096205a4d784bd99f32803ba8100f639cf3b932dc63b21621390ea7e",
                "sha256:b46554ad4dafb2927f88de5a1d207398c5385edbb5c84d30b3ef187c4a3894d8",
                "sha256:c867eeccd934920a800f65c6068acdd6b87e80d45cd8c8beefff783b23cdc462",
                "sha256:dd0667f5be56fb1b570154c2c0516a528e02d50da121bbbb2cbb0b6f87f59bc2",
                "sha256:de2b1c20494bdf47f0160bd88ed05f5e48ae5dc336b8de7cfade71abcc95c0b9",
                "sha256:f1df7b2b7740dd777571c732f98adb5aad5450aee32772f1b39249c8a50386f6",
                "sha256:ffca69e29079f7880c5392bf675eb8b4146479d976ae1924d01cd92b04cccbcc"
            ],
            "index": "pypi",
            "version": "==1.17.3"
        },
        "p5": {
            "hashes": [
                "sha256:05459595333e31c216081c2140d0c2448d37c15ad037be7eae68c2f7fc2d6879",
                "sha256:4977a9d1b1690d273d8fa4442e5382d61aa344492bf14e0b606dbd86a9add328"
            ],
            "index": "pypi",
            "version": "==0.6.0"
        },
        "pillow": {
            "hashes": [
                "sha256:01bb0a34f1a6689b138c0089d670ae2e8f886d2666a9b2f2019031abdea673c4",
                "sha256:07872f1d8421db5a3fe770f7480835e5e90fddb58f36c216d4a2ac0d594de474",
                "sha256:1022f8f6dc3c5b0dcf928f1c49ba2ac73051f576af100d57776e2b65c1f76a8d",
                "sha256:14415e9e28410232370615dbde0cf0a00e526f522f665460344a5b96973a3086",
                "sha256:172acfaf00434a28dddfe592d83f2980e22e63c769ff4a448ddf7b7a38ffd165",
                "sha256:1c5e3c36f02c815766ae9dd91899b1c5b4652f2a37b7a51609f3bd467c0f11fb",
                "sha256:292f2aa1ae5c5c1451cb4b558addb88c257411d3fd71c6cf45562911baffc979",
                "sha256:2a40d7d4b17db87f5b9a1efc0aff56000e1d0d5ece415090c102aafa0ccbe858",
                "sha256:2f0d7034d5faae9a8d1019d152ede924f653df2ce77d3bba4ce62cd21b5f94ae",
                "sha256:33fdbd4f5608c852d97264f9d2e3b54e9e9959083d008145175b86100b275e5b",
                "sha256:3b13d89d97b551e02549d1f0edf22bed6acfd6fd2e888cd1e9a953bf215f0e81",
                "sha256:3e759bcc03d6f39bc751e56d86bc87252b9a21c689a27c5ed753717a87d53a5b",
                "sha256:3ec87bd1248b23a2e4e19e774367fbe30fddc73913edc5f9b37470624f55dc1f",
                "sha256:436b0a2dd9fe3f7aa6a444af6bdf53c1eb8f5ced9ea3ef104daa83f0ea18e7bc",
                "sha256:43b3c859912e8bf754b3c5142df624794b18eb7ae07cfeddc917e1a9406a3ef2",
                "sha256:4fe74636ee71c57a7f65d7b21a9f127d842b4fb75511e5d256ace258826eb352",
                "sha256:59445af66b59cc39530b4f810776928d75e95f41e945f0c32a3de4aceb93c15d",
                "sha256:69da5b1d7102a61ce9b45deb2920a2012d52fd8f4201495ea9411d0071b0ec22",
                "sha256:7094bbdecb95ebe53166e4c12cf5e28310c2b550b08c07c5dc15433898e2238e",
                "sha256:8211cac9bf10461f9e33fe9a3af6c5131f3fdd0d10672afc2abb2c70cf95c5ca",
                "sha256:8cf77e458bd996dc85455f10fe443c0c946f5b13253773439bcbec08aa1aebc2",
                "sha256:924fc33cb4acaf6267b8ca3b8f1922620d57a28470d5e4f49672cea9a841eb08",
                "sha256:99ce3333b40b7a4435e0a18baad468d44ab118a4b1da0af0a888893d03253f1d",
                "sha256:a7d690b2c5f7e4a932374615fedceb1e305d2dd5363c1de15961725fe10e7d16",
                "sha256:b9af590adc1e46898a1276527f3cfe2da8048ae43fbbf9b1bf9395f6c99d9b47",
                "sha256:bb18422ad00c1fecc731d06592e99c3be2c634da19e26942ba2f13d805005cf2",
                "sha256:c10af40ee2f1a99e1ae755ab1f773916e8bca3364029a042cd9161c400416bd8",
                "sha256:c143c409e7bc1db784471fe9d0bf95f37c4458e879ad84cfae640cb74ee11a26",
                "sha256:c448d2b335e21951416a30cd48d35588d122a912d5fe9e41900afacecc7d21a1",
                "sha256:d30f30c044bdc0ab8f3924e1eeaac87e0ff8a27e87369c5cac4064b6ec78fd83",
                "sha256:df534e64d4f3e84e8f1e1a37da3f541555d947c1c1c09b32178537f0f243f69d",
                "sha256:f6fc18f9c9c7959bf58e6faf801d14fafb6d4717faaf6f79a68c8bb2a13dcf20",
                "sha256:ff83dfeb04c98bb3e7948f876c17513a34e9a19fd92e292288649164924c1b39"
            ],
            "index": "pypi",
            "version": "==8.1.1"
        },
        "triangle": {
            "hashes": [
                "sha256:07901a2f3ddaf23b7ebe9e6ab9c86a8efde1beab2d6a315d2983310867fcfa66",
                "sha256:0839001546a99d601fddeae04611518b3e46881127117d846e5f077f2c2dde4a",
                "sha256:0a06cd54b7a520bf31f952305d5f0d3094e03f9db65ba2963a2d7031eb49c0c1",
                "sha256:1ed8c0829e41e6443ff94343036c209db16273b3c878fc6adf941d6235b78298",
                "sha256:22b3f19b128624ca84a39b4ab0b0bd6523393a37cec59fe214ed5d811b28649a",
                "sha256:22f251f4b4ed0a6d22dc58979e755d31b1611962e8ccccff0a35d45c509f54ed",
                "sha256:27a3733e5dbd6ed5950e9d95d3b1ecdc02d1f51f12564044dfa618a157c84081",
                "sha256:322b80cea394a55dab7f00c34608965563921b9a954854dfd12595f58ba82bd7",
                "sha256:35710a949dbffc4c7dc8bb485af0c2ab856ee901269fef355f9fccf745bb8ee0",
                "sha256:4b3db8dbcbaa1bf19107990c98d29e02380a41ef083bd4144a71e6e453ee266e",
                "sha256:56e37004f833ce78b0595d19c3f83dd7cd053c7ed74b08b657d80729ac3b0ec9",
                "sha256:5b04ca1502d12f9248b5f8e634dfda690510985e9b3d183abd9c66681e1c8483",
                "sha256:67f599ff216decde4415d002d7a23a6429769297d3ec84821524cf9b49b90f4e",
                "sha256:6a7c422af76fe53fb03d111226667cd2468dd6e088a7eadfbe1def370ccce5c6",
                "sha256:78abf30b7190f1ec6263cc727bdf77d2da180d90fe35bf4e648ec9a9aacfbd69",
                "sha256:78af65635d3130b5a87891519c3ef402301f7f995ae30932f2646237b31a06ba",
                "sha256:81c4c638fdf9555e0e13ff27499fffc3b3cc2eda2734952ea5019cdcbc9288c6",
                "sha256:85aac2a008473170b8154ef5665476844ee6a09a11a96ae2d6a2a3b00962cf7d",
                "sha256:90d60f1c6844ece8918c08243aa74ce9dbe79600cd51088d43e3817718b5b2e7",
                "sha256:943cd934c83784c1981da82b6c26b98bb712107021f8ce569746c0e73b0515df",
                "sha256:9c8cfd000665e5c88f3b31ac608f238b179de4d540c69b392034cab2501a48fe",
                "sha256:a713692b9cb0276547897c21468d3a2be319292fe8a0718ef912c7f678f4d56f",
                "sha256:a803fc36ea2f07c4505b91ed7b343f7f7f78f9a063bfc5a7c9022e6914f6ac6e",
                "sha256:b26356e19a531275acb9e61893b6a619cf6f9ba8fddd7509fdac4ff5c5b76389",
                "sha256:b2d92ffe6fde7a38cbca79eed3faeb0bad903b1bc089b4261532d7333fa1abb8",
                "sha256:baa8631d6306fc6da0968b7ad58bcd51d77322f23661f22a619449873e58d38a",
                "sha256:be635a017dd0ce646835ec65c6f4d12744dae4b822317d61ff7b3114f6255496",
                "sha256:c20b4e2c13b58b0f1b5594e23fd40095c2b4972166b2e48b3546da1b308d5dfb",
                "sha256:c47cfcc4a57689151e665a38d34903c35084ca37264c184de86d24170a6ae0be",
                "sha256:c5d138e45dc4130c800d0368b3ed2e913d4053ae6e13a6ff2a1544174f3cc9a9",
                "sha256:c8763e7fced3538527829d9282d449432893afc923a33a3683ee1f61af2183c1",
                "sha256:c8beeb0ef16eaa05440ca6a8670834b4c78e0a127ae3b04c7bab478ec4ce41f0",
                "sha256:cba976dd9e7fa4464909968640729b73c74b5bb33918e7005650d32eb8ce8501",
                "sha256:d7e5a7613d0a55d6154f76afa695f1354df1556ff5f761e117e39e6d5ed3863f",
                "sha256:db32eb68657fb81d1278f1c96888cb42c0e2a4d34ce3204f780a2d439a4105a8",
                "sha256:e227b3e125899a5dac393aa9d05dbb0ad2827dc20efae24ecd30a52be4d39863",
                "sha256:ea423c64546956233ab60e057099337ef38ce5d6f5b41ee982340dfe98874d3f",
                "sha256:f0c4bbc14300e9a28394005932d1f5003b5aa892cb21307b39b9254ad69cbff0",
                "sha256:fc207641f8f39986f7d2bee1b91688a588cd235d2e67777422f94e61fece27e9",
                "sha256:fe985014a98245a73d0b1df7836ff7f1e4d740e88959ac8083d6673eacd7d399"
            ],
            "version": "==20200424"
        },
        "vispy": {
            "hashes": [
                "sha256:3417c1582625455a1e5598970cbbd9bd7ba19fb6d03502ca2674a8db19f7433e",
                "sha256:364a7f91d67a8cc000e56a91a4c2947e21c968d67e741930cf1b6e8a47afaeab",
                "sha256:381fba62ac125523b499490398afead9e9f496728a4a0a990ad51c152380c287",
                "sha256:473cc3116aafd9bf32ed5b8b5aea1446f6450ef799cf2ace9c118ad14e051f47",
                "sha256:6079a1d4757d22b0ee8c4d5d2422a4c2534e64fe826982c4535f6142949d2f29",
                "sha256:63bf69ad1346775029d309e9b067e271f34985b2cf225a4a49c1ca9cdc1dbdbc",
                "sha256:8f4cf863a1c6142338d06cf3f824e75373dd45a4ce9a9a133e1c36b662f49aa1",
                "sha256:9ccecc529492a660cc9c879f3debf04b8ef3c7ecb43c2b3d62586204f67a7fcd",
                "sha256:a17653483cc4c197621492ab416f9256d34d1fe940a4dc59f41be49360a91056",
                "sha256:a9f898c39ab7d663c90c4a17ae58c0bb10a62a9d7c4582682a88afd57290dcb0",
                "sha256:bf8064159b11e10f5d9710d84388e636843b068f72dcbde8a3eac49c1a6fc7e6",
                "sha256:c1e532fe2f3ea598c642ac2e2575c7a0dc2ffae20cce7751bb10e3086b4daa9a",
                "sha256:c231117dbef22007c5ef5ef4f98904ffd4f6e60d83b62e9ba4965a9ae38b0bde",
                "sha256:d5eca3764455d2a8ca8bca2e3712fef66e462702270ecfaa4139a9ed1a51d647",
                "sha256:ee5d2570a4278bdf988d185c35f65ff4da80db0984300ffdf0c34c035a1c4561",
                "sha256:fffa505943e903f2a925669130662d4b8bc72fb380a61ed10dd9cf7906eb959b"
            ],
            "index": "pypi",
            "version": "==0.6.1"
        }
    },
    "develop": {
        "backcall": {
            "hashes": [
                "sha256:5cbdbf27be5e7cfadb448baf0aa95508f91f2bbc6c6437cd9cd06e2a4c215e1e",
                "sha256:fbbce6a29f263178a1f7915c1940bde0ec2b2a967566fe1c65c1dfb7422bd255"
            ],
            "version": "==0.2.0"
        },
        "decorator": {
            "hashes": [
                "sha256:41fa54c2a0cc4ba648be4fd43cff00aedf5b9465c9bf18d64325bc225f08f760",
                "sha256:e3a62f0520172440ca0dcc823749319382e377f37f140a0b99ef45fecb84bfe7"
            ],
            "version": "==4.4.2"
        },
        "ipdb": {
            "hashes": [
                "sha256:473fdd798a099765f093231a8b1fabfa95b0b682fce12de0c74b61a4b4d8ee57"
            ],
            "index": "pypi",
            "version": "==0.12.2"
        },
        "ipython": {
            "hashes": [
                "sha256:c4ab005921641e40a68e405e286e7a1fcc464497e14d81b6914b4fd95e5dee9b",
                "sha256:dd76831f065f17bddd7eaa5c781f5ea32de5ef217592cf019e34043b56895aa1"
            ],
            "index": "pypi",
            "version": "==7.8.0"
        },
        "ipython-genutils": {
            "hashes": [
                "sha256:72dd37233799e619666c9f639a9da83c34013a73e8bbc79a7a6348d93c61fab8",
                "sha256:eb2e116e75ecef9d4d228fdc66af54269afa26ab4463042e33785b887c628ba8"
            ],
            "version": "==0.2.0"
        },
        "jedi": {
            "hashes": [
                "sha256:18456d83f65f400ab0c2d3319e48520420ef43b23a086fdc05dff34132f0fb93",
                "sha256:92550a404bad8afed881a137ec9a461fed49eca661414be45059329614ed0707"
            ],
            "version": "==0.18.0"
        },
        "parso": {
            "hashes": [
                "sha256:15b00182f472319383252c18d5913b69269590616c947747bc50bf4ac768f410",
                "sha256:8519430ad07087d4c997fda3a7918f7cfa27cb58972a8c89c2a0295a1c940e9e"
            ],
            "version": "==0.8.1"
        },
        "pexpect": {
            "hashes": [
                "sha256:0b48a55dcb3c05f3329815901ea4fc1537514d6ba867a152b581d69ae3710937",
                "sha256:fc65a43959d153d0114afe13997d439c22823a27cefceb5ff35c2178c6784c0c"
            ],
            "markers": "sys_platform != 'win32'",
            "version": "==4.8.0"
        },
        "pickleshare": {
            "hashes": [
                "sha256:87683d47965c1da65cdacaf31c8441d12b8044cdec9aca500cd78fc2c683afca",
                "sha256:9649af414d74d4df115d5d718f82acb59c9d418196b7b4290ed47a12ce62df56"
            ],
            "version": "==0.7.5"
        },
        "prompt-toolkit": {
            "hashes": [
                "sha256:46642344ce457641f28fc9d1c9ca939b63dadf8df128b86f1b9860e59c73a5e4",
                "sha256:e7f8af9e3d70f514373bf41aa51bc33af12a6db3f71461ea47fea985defb2c31",
                "sha256:f15af68f66e664eaa559d4ac8a928111eebd5feda0c11738b5998045224829db"
            ],
            "version": "==2.0.10"
        },
        "ptyprocess": {
            "hashes": [
                "sha256:4b41f3967fce3af57cc7e94b888626c18bf37a083e3651ca8feeb66d492fef35",
                "sha256:5c5d0a3b48ceee0b48485e0c26037c0acd7d29765ca3fbb5cb3831d347423220"
            ],
            "version": "==0.7.0"
        },
        "pygments": {
            "hashes": [
                "sha256:2656e1a6edcdabf4275f9a3640db59fd5de107d88e8663c5d4e9a0fa62f77f94",
                "sha256:534ef71d539ae97d4c3a4cf7d6f110f214b0e687e92f9cb9d2a3b0d3101289c8"
            ],
            "version": "==2.8.1"
        },
        "six": {
            "hashes": [
                "sha256:30639c035cdb23534cd4aa2dd52c3bf48f06e5f4a941509c8bafd8ce11080259",
                "sha256:8b74bedcbbbaca38ff6d7491d76f2b06b3592611af620f8426e82dddb04a5ced"
            ],
            "version": "==1.15.0"
        },
        "traitlets": {
            "hashes": [
                "sha256:70b4c6a1d9019d7b4f6846832288f86998aa3b9207c6821f3578a6a6a467fe44",
                "sha256:d023ee369ddd2763310e4c3eae1ff649689440d4ae59d7485eb4cfbbe3e359f7"
            ],
            "version": "==4.3.3"
        },
        "wcwidth": {
            "hashes": [
                "sha256:beb4802a9cebb9144e99086eff703a642a13d6a0052920003a230f3294bbe784",
                "sha256:c4d647b99872929fdb7bdcaa4fbe7f01413ed3d98077df798530e5b04f116c83"
            ],
            "version": "==0.2.5"
        }
    }
}
