{
    "_meta": {
        "hash": {
            "sha256": "33d3c906dd93d6dce9cf8c32d7b61a214d97f1eca05947e5434e98eb8fd6475c"
        },
        "pipfile-spec": 6,
        "requires": {
            "python_version": "3.6"
        },
        "sources": [
            {
                "name": "pypi",
                "url": "https://pypi.org/simple",
                "verify_ssl": true
            }
        ]
    },
    "default": {
        "freetype-py": {
            "hashes": [
                "sha256:719a639040484a063b99421d104e3911a860d2e034b67769ae438bc1d4aa6e1f",
                "sha256:8059ebad562d465555fa556739906a2429381ba6206989afe2b7c8c87fad19d8",
                "sha256:cf43716bc5246cd54a64b2238b942e8dc80b79eda92f814c720286fa6fab387a",
                "sha256:ede78730db61dc17c4524412aa3fccf038ede65400aa49b9e0a73a7e839a91a2"
            ],
            "markers": "python_version >= '3.6'",
            "version": "==2.2.0"
        },
        "glfw": {
            "hashes": [
                "sha256:12953e121ede2e5980036cd1cc667fa7918b67799b903699616439e3deab6803",
                "sha256:464156ef108801b03f152553622f46b4b2acb080bdab91398dd22a84dfd379b3",
                "sha256:5499f1daa773f6464eb16ac4c8f64c3533408d73863987c4b9131d0a20648f1f",
                "sha256:83db9be8291a3e7ae121a443f874a3e3f3ae75c3e52e66f231db1818553811c4",
                "sha256:8f40d12e9c7599c4d10b74e74ef79c8c7175d966a7fc35e6210b951004e48cf7",
                "sha256:92e95fcf2088c371ce7411e8f34598cccbcb46c88fc7d91a5f19d15b94e961c1",
                "sha256:b0c440534224a371becafb96019f5f4340f8f65d5c2bcbfad537c3f40ca8e307"
            ],
            "version": "==2.1.0"
        },
        "numpy": {
            "hashes": [
                "sha256:0b0dd8f47fb177d00fa6ef2d58783c4f41ad3126b139c91dd2f7c4b3fdf5e9a5",
                "sha256:25ffe71f96878e1da7e014467e19e7db90ae7d4e12affbc73101bcf61785214e",
                "sha256:26efd7f7d755e6ca966a5c0ac5a930a87dbbaab1c51716ac26a38f42ecc9bc4b",
                "sha256:28b1180c758abf34a5c3fea76fcee66a87def1656724c42bb14a6f9717a5bdf7",
                "sha256:2e418f0a59473dac424f888dd57e85f77502a593b207809211c76e5396ae4f5c",
                "sha256:30c84e3a62cfcb9e3066f25226e131451312a044f1fe2040e69ce792cb7de418",
                "sha256:4650d94bb9c947151737ee022b934b7d9a845a7c76e476f3e460f09a0c8c6f39",
                "sha256:4dd830a11e8724c9c9379feed1d1be43113f8bcce55f47ea7186d3946769ce26",
                "sha256:4f2a2b279efde194877aff1f76cf61c68e840db242a5c7169f1ff0fd59a2b1e2",
                "sha256:62d22566b3e3428dfc9ec972014c38ed9a4db4f8969c78f5414012ccd80a149e",
                "sha256:669795516d62f38845c7033679c648903200980d68935baaa17ac5c7ae03ae0c",
                "sha256:75fcd60d682db3e1f8fbe2b8b0c6761937ad56d01c1dc73edf4ef2748d5b6bc4",
                "sha256:9395b0a41e8b7e9a284e3be7060db9d14ad80273841c952c83a5afc241d2bd98",
                "sha256:9e37c35fc4e9410093b04a77d11a34c64bf658565e30df7cbe882056088a91c1",
                "sha256:a0678793096205a4d784bd99f32803ba8100f639cf3b932dc63b21621390ea7e",
                "sha256:b46554ad4dafb2927f88de5a1d207398c5385edbb5c84d30b3ef187c4a3894d8",
                "sha256:c867eeccd934920a800f65c6068acdd6b87e80d45cd8c8beefff783b23cdc462",
                "sha256:dd0667f5be56fb1b570154c2c0516a528e02d50da121bbbb2cbb0b6f87f59bc2",
                "sha256:de2b1c20494bdf47f0160bd88ed05f5e48ae5dc336b8de7cfade71abcc95c0b9",
                "sha256:f1df7b2b7740dd777571c732f98adb5aad5450aee32772f1b39249c8a50386f6",
                "sha256:ffca69e29079f7880c5392bf675eb8b4146479d976ae1924d01cd92b04cccbcc"
            ],
            "index": "pypi",
            "version": "==1.17.3"
        },
        "p5": {
            "hashes": [
                "sha256:05459595333e31c216081c2140d0c2448d37c15ad037be7eae68c2f7fc2d6879",
                "sha256:4977a9d1b1690d273d8fa4442e5382d61aa344492bf14e0b606dbd86a9add328"
            ],
            "index": "pypi",
            "version": "==0.6.0"
        },
        "pillow": {
            "hashes": [
                "sha256:0412516dcc9de9b0a1e0ae25a280015809de8270f134cc2c1e32c4eeb397cf30",
                "sha256:04835e68ef12904bc3e1fd002b33eea0779320d4346082bd5b24bec12ad9c3e9",
                "sha256:06d1adaa284696785375fa80a6a8eb309be722cf4ef8949518beb34487a3df71",
                "sha256:085a90a99404b859a4b6c3daa42afde17cb3ad3115e44a75f0d7b4a32f06a6c9",
                "sha256:0b9911ec70731711c3b6ebcde26caea620cbdd9dcb73c67b0730c8817f24711b",
                "sha256:10e00f7336780ca7d3653cf3ac26f068fa11b5a96894ea29a64d3dc4b810d630",
                "sha256:11c27e74bab423eb3c9232d97553111cc0be81b74b47165f07ebfdd29d825875",
                "sha256:11eb7f98165d56042545c9e6db3ce394ed8b45089a67124298f0473b29cb60b2",
                "sha256:13654b521fb98abdecec105ea3fb5ba863d1548c9b58831dd5105bb3873569f1",
                "sha256:15ccb81a6ffc57ea0137f9f3ac2737ffa1d11f786244d719639df17476d399a7",
                "sha256:18a07a683805d32826c09acfce44a90bf474e6a66ce482b1c7fcd3757d588df3",
                "sha256:19ec4cfe4b961edc249b0e04b5618666c23a83bc35842dea2bfd5dfa0157f81b",
                "sha256:1c3ff00110835bdda2b1e2b07f4a2548a39744bb7de5946dc8e95517c4fb2ca6",
                "sha256:27a330bf7014ee034046db43ccbb05c766aa9e70b8d6c5260bfc38d73103b0ba",
                "sha256:2b11c9d310a3522b0fd3c35667914271f570576a0e387701f370eb39d45f08a4",
                "sha256:2c661542c6f71dfd9dc82d9d29a8386287e82813b0375b3a02983feac69ef864",
                "sha256:2cde7a4d3687f21cffdf5bb171172070bb95e02af448c4c8b2f223d783214056",
                "sha256:2d5e9dc0bf1b5d9048a94c48d0813b6c96fccfa4ccf276d9c36308840f40c228",
                "sha256:2f23b2d3079522fdf3c09de6517f625f7a964f916c956527bed805ac043799b8",
                "sha256:35d27687f027ad25a8d0ef45dd5208ef044c588003cdcedf05afb00dbc5c2deb",
                "sha256:35d409030bf3bd05fa66fb5fdedc39c521b397f61ad04309c90444e893d05f7d",
                "sha256:4326ea1e2722f3dc00ed77c36d3b5354b8fb7399fb59230249ea6d59cbed90da",
                "sha256:4abc247b31a98f29e5224f2d31ef15f86a71f79c7f4d2ac345a5d551d6393073",
                "sha256:4d89a2e9219a526401015153c0e9dd48319ea6ab9fe3b066a20aa9aee23d9fd3",
                "sha256:4e59e99fd680e2b8b11bbd463f3c9450ab799305d5f2bafb74fefba6ac058616",
                "sha256:548794f99ff52a73a156771a0402f5e1c35285bd981046a502d7e4793e8facaa",
                "sha256:56fd98c8294f57636084f4b076b75f86c57b2a63a8410c0cd172bc93695ee979",
                "sha256:59697568a0455764a094585b2551fd76bfd6b959c9f92d4bdec9d0e14616303a",
                "sha256:6bff50ba9891be0a004ef48828e012babaaf7da204d81ab9be37480b9020a82b",
                "sha256:6cb3dd7f23b044b0737317f892d399f9e2f0b3a02b22b2c692851fb8120d82c6",
                "sha256:7dbfbc0020aa1d9bc1b0b8bcf255a7d73f4ad0336f8fd2533fcc54a4ccfb9441",
                "sha256:838eb85de6d9307c19c655c726f8d13b8b646f144ca6b3771fa62b711ebf7624",
                "sha256:8b68f565a4175e12e68ca900af8910e8fe48aaa48fd3ca853494f384e11c8bcd",
                "sha256:8f284dc1695caf71a74f24993b7c7473d77bc760be45f776a2c2f4e04c170550",
                "sha256:963ebdc5365d748185fdb06daf2ac758116deecb2277ec5ae98139f93844bc09",
                "sha256:a048dad5ed6ad1fad338c02c609b862dfaa921fcd065d747194a6805f91f2196",
                "sha256:a1bd983c565f92779be456ece2479840ec39d386007cd4ae83382646293d681b",
                "sha256:a66566f8a22561fc1a88dc87606c69b84fa9ce724f99522cf922c801ec68f5c1",
                "sha256:bcb04ff12e79b28be6c9988f275e7ab69f01cc2ba319fb3114f87817bb7c74b6",
                "sha256:bd24054aaf21e70a51e2a2a5ed1183560d3a69e6f9594a4bfe360a46f94eba83",
                "sha256:be25cb93442c6d2f8702c599b51184bd3ccd83adebd08886b682173e09ef0c3f",
                "sha256:c691b26283c3a31594683217d746f1dad59a7ae1d4cfc24626d7a064a11197d4",
                "sha256:cc9d0dec711c914ed500f1d0d3822868760954dce98dfb0b7382a854aee55d19",
                "sha256:ce2e5e04bb86da6187f96d7bab3f93a7877830981b37f0287dd6479e27a10341",
                "sha256:ce651ca46d0202c302a535d3047c55a0131a720cf554a578fc1b8a2aff0e7d96",
                "sha256:d0c8ebbfd439c37624db98f3877d9ed12c137cadd99dde2d2eae0dab0bbfc355",
                "sha256:d675a876b295afa114ca8bf42d7f86b5fb1298e1b6bb9a24405a3f6c8338811c",
                "sha256:dde3f3ed8d00c72631bc19cbfff8ad3b6215062a5eed402381ad365f82f0c18c",
                "sha256:e5a31c07cea5edbaeb4bdba6f2b87db7d3dc0f446f379d907e51cc70ea375629",
                "sha256:f514c2717012859ccb349c97862568fdc0479aad85b0270d6b5a6509dbc142e2",
                "sha256:fc0db32f7223b094964e71729c0361f93db43664dd1ec86d3df217853cedda87",
                "sha256:fd4fd83aa912d7b89b4b4a1580d30e2a4242f3936882a3f433586e5ab97ed0d5",
                "sha256:feb5db446e96bfecfec078b943cc07744cc759893cef045aa8b8b6d6aaa8274e"
            ],
            "index": "pypi",
            "version": "==8.3.2"
        },
        "triangle": {
            "hashes": [
                "sha256:07901a2f3ddaf23b7ebe9e6ab9c86a8efde1beab2d6a315d2983310867fcfa66",
                "sha256:0839001546a99d601fddeae04611518b3e46881127117d846e5f077f2c2dde4a",
                "sha256:0a06cd54b7a520bf31f952305d5f0d3094e03f9db65ba2963a2d7031eb49c0c1",
                "sha256:1ed8c0829e41e6443ff94343036c209db16273b3c878fc6adf941d6235b78298",
                "sha256:22b3f19b128624ca84a39b4ab0b0bd6523393a37cec59fe214ed5d811b28649a",
                "sha256:22f251f4b4ed0a6d22dc58979e755d31b1611962e8ccccff0a35d45c509f54ed",
                "sha256:27a3733e5dbd6ed5950e9d95d3b1ecdc02d1f51f12564044dfa618a157c84081",
                "sha256:322b80cea394a55dab7f00c34608965563921b9a954854dfd12595f58ba82bd7",
                "sha256:35710a949dbffc4c7dc8bb485af0c2ab856ee901269fef355f9fccf745bb8ee0",
                "sha256:4b3db8dbcbaa1bf19107990c98d29e02380a41ef083bd4144a71e6e453ee266e",
                "sha256:56e37004f833ce78b0595d19c3f83dd7cd053c7ed74b08b657d80729ac3b0ec9",
                "sha256:5b04ca1502d12f9248b5f8e634dfda690510985e9b3d183abd9c66681e1c8483",
                "sha256:67f599ff216decde4415d002d7a23a6429769297d3ec84821524cf9b49b90f4e",
                "sha256:6a7c422af76fe53fb03d111226667cd2468dd6e088a7eadfbe1def370ccce5c6",
                "sha256:78abf30b7190f1ec6263cc727bdf77d2da180d90fe35bf4e648ec9a9aacfbd69",
                "sha256:78af65635d3130b5a87891519c3ef402301f7f995ae30932f2646237b31a06ba",
                "sha256:81c4c638fdf9555e0e13ff27499fffc3b3cc2eda2734952ea5019cdcbc9288c6",
                "sha256:85aac2a008473170b8154ef5665476844ee6a09a11a96ae2d6a2a3b00962cf7d",
                "sha256:90d60f1c6844ece8918c08243aa74ce9dbe79600cd51088d43e3817718b5b2e7",
                "sha256:943cd934c83784c1981da82b6c26b98bb712107021f8ce569746c0e73b0515df",
                "sha256:9c8cfd000665e5c88f3b31ac608f238b179de4d540c69b392034cab2501a48fe",
                "sha256:a713692b9cb0276547897c21468d3a2be319292fe8a0718ef912c7f678f4d56f",
                "sha256:a803fc36ea2f07c4505b91ed7b343f7f7f78f9a063bfc5a7c9022e6914f6ac6e",
                "sha256:b26356e19a531275acb9e61893b6a619cf6f9ba8fddd7509fdac4ff5c5b76389",
                "sha256:b2d92ffe6fde7a38cbca79eed3faeb0bad903b1bc089b4261532d7333fa1abb8",
                "sha256:baa8631d6306fc6da0968b7ad58bcd51d77322f23661f22a619449873e58d38a",
                "sha256:be635a017dd0ce646835ec65c6f4d12744dae4b822317d61ff7b3114f6255496",
                "sha256:c20b4e2c13b58b0f1b5594e23fd40095c2b4972166b2e48b3546da1b308d5dfb",
                "sha256:c47cfcc4a57689151e665a38d34903c35084ca37264c184de86d24170a6ae0be",
                "sha256:c5d138e45dc4130c800d0368b3ed2e913d4053ae6e13a6ff2a1544174f3cc9a9",
                "sha256:c8763e7fced3538527829d9282d449432893afc923a33a3683ee1f61af2183c1",
                "sha256:c8beeb0ef16eaa05440ca6a8670834b4c78e0a127ae3b04c7bab478ec4ce41f0",
                "sha256:cba976dd9e7fa4464909968640729b73c74b5bb33918e7005650d32eb8ce8501",
                "sha256:d7e5a7613d0a55d6154f76afa695f1354df1556ff5f761e117e39e6d5ed3863f",
                "sha256:db32eb68657fb81d1278f1c96888cb42c0e2a4d34ce3204f780a2d439a4105a8",
                "sha256:e227b3e125899a5dac393aa9d05dbb0ad2827dc20efae24ecd30a52be4d39863",
                "sha256:ea423c64546956233ab60e057099337ef38ce5d6f5b41ee982340dfe98874d3f",
                "sha256:f0c4bbc14300e9a28394005932d1f5003b5aa892cb21307b39b9254ad69cbff0",
                "sha256:fc207641f8f39986f7d2bee1b91688a588cd235d2e67777422f94e61fece27e9",
                "sha256:fe985014a98245a73d0b1df7836ff7f1e4d740e88959ac8083d6673eacd7d399"
            ],
            "version": "==20200424"
        },
        "vispy": {
            "hashes": [
                "sha256:3417c1582625455a1e5598970cbbd9bd7ba19fb6d03502ca2674a8db19f7433e",
                "sha256:364a7f91d67a8cc000e56a91a4c2947e21c968d67e741930cf1b6e8a47afaeab",
                "sha256:381fba62ac125523b499490398afead9e9f496728a4a0a990ad51c152380c287",
                "sha256:473cc3116aafd9bf32ed5b8b5aea1446f6450ef799cf2ace9c118ad14e051f47",
                "sha256:6079a1d4757d22b0ee8c4d5d2422a4c2534e64fe826982c4535f6142949d2f29",
                "sha256:63bf69ad1346775029d309e9b067e271f34985b2cf225a4a49c1ca9cdc1dbdbc",
                "sha256:8f4cf863a1c6142338d06cf3f824e75373dd45a4ce9a9a133e1c36b662f49aa1",
                "sha256:9ccecc529492a660cc9c879f3debf04b8ef3c7ecb43c2b3d62586204f67a7fcd",
                "sha256:a17653483cc4c197621492ab416f9256d34d1fe940a4dc59f41be49360a91056",
                "sha256:a9f898c39ab7d663c90c4a17ae58c0bb10a62a9d7c4582682a88afd57290dcb0",
                "sha256:bf8064159b11e10f5d9710d84388e636843b068f72dcbde8a3eac49c1a6fc7e6",
                "sha256:c1e532fe2f3ea598c642ac2e2575c7a0dc2ffae20cce7751bb10e3086b4daa9a",
                "sha256:c231117dbef22007c5ef5ef4f98904ffd4f6e60d83b62e9ba4965a9ae38b0bde",
                "sha256:d5eca3764455d2a8ca8bca2e3712fef66e462702270ecfaa4139a9ed1a51d647",
                "sha256:ee5d2570a4278bdf988d185c35f65ff4da80db0984300ffdf0c34c035a1c4561",
                "sha256:fffa505943e903f2a925669130662d4b8bc72fb380a61ed10dd9cf7906eb959b"
            ],
            "index": "pypi",
            "version": "==0.6.1"
        }
    },
    "develop": {
        "backcall": {
            "hashes": [
                "sha256:5cbdbf27be5e7cfadb448baf0aa95508f91f2bbc6c6437cd9cd06e2a4c215e1e",
                "sha256:fbbce6a29f263178a1f7915c1940bde0ec2b2a967566fe1c65c1dfb7422bd255"
            ],
            "version": "==0.2.0"
        },
        "decorator": {
            "hashes": [
                "sha256:6e5c199c16f7a9f0e3a61a4a54b3d27e7dad0dbdde92b944426cb20914376323",
                "sha256:72ecfba4320a893c53f9706bebb2d55c270c1e51a28789361aa93e4a21319ed5"
            ],
            "markers": "python_version >= '3.5'",
            "version": "==5.0.9"
        },
        "ipdb": {
            "hashes": [
                "sha256:473fdd798a099765f093231a8b1fabfa95b0b682fce12de0c74b61a4b4d8ee57"
            ],
            "index": "pypi",
            "version": "==0.12.2"
        },
        "ipython": {
            "hashes": [
                "sha256:c4ab005921641e40a68e405e286e7a1fcc464497e14d81b6914b4fd95e5dee9b",
                "sha256:dd76831f065f17bddd7eaa5c781f5ea32de5ef217592cf019e34043b56895aa1"
            ],
            "index": "pypi",
            "version": "==7.8.0"
        },
        "ipython-genutils": {
            "hashes": [
                "sha256:72dd37233799e619666c9f639a9da83c34013a73e8bbc79a7a6348d93c61fab8",
                "sha256:eb2e116e75ecef9d4d228fdc66af54269afa26ab4463042e33785b887c628ba8"
            ],
            "version": "==0.2.0"
        },
        "jedi": {
            "hashes": [
                "sha256:18456d83f65f400ab0c2d3319e48520420ef43b23a086fdc05dff34132f0fb93",
                "sha256:92550a404bad8afed881a137ec9a461fed49eca661414be45059329614ed0707"
            ],
            "markers": "python_version >= '3.6'",
            "version": "==0.18.0"
        },
        "parso": {
            "hashes": [
                "sha256:12b83492c6239ce32ff5eed6d3639d6a536170723c6f3f1506869f1ace413398",
                "sha256:a8c4922db71e4fdb90e0d0bc6e50f9b273d3397925e5e60a717e719201778d22"
            ],
            "markers": "python_version >= '3.6'",
            "version": "==0.8.2"
        },
        "pexpect": {
            "hashes": [
                "sha256:0b48a55dcb3c05f3329815901ea4fc1537514d6ba867a152b581d69ae3710937",
                "sha256:fc65a43959d153d0114afe13997d439c22823a27cefceb5ff35c2178c6784c0c"
            ],
            "markers": "sys_platform != 'win32'",
            "version": "==4.8.0"
        },
        "pickleshare": {
            "hashes": [
                "sha256:87683d47965c1da65cdacaf31c8441d12b8044cdec9aca500cd78fc2c683afca",
                "sha256:9649af414d74d4df115d5d718f82acb59c9d418196b7b4290ed47a12ce62df56"
            ],
            "version": "==0.7.5"
        },
        "prompt-toolkit": {
            "hashes": [
                "sha256:46642344ce457641f28fc9d1c9ca939b63dadf8df128b86f1b9860e59c73a5e4",
                "sha256:e7f8af9e3d70f514373bf41aa51bc33af12a6db3f71461ea47fea985defb2c31",
                "sha256:f15af68f66e664eaa559d4ac8a928111eebd5feda0c11738b5998045224829db"
            ],
            "version": "==2.0.10"
        },
        "ptyprocess": {
            "hashes": [
                "sha256:4b41f3967fce3af57cc7e94b888626c18bf37a083e3651ca8feeb66d492fef35",
                "sha256:5c5d0a3b48ceee0b48485e0c26037c0acd7d29765ca3fbb5cb3831d347423220"
            ],
            "version": "==0.7.0"
        },
        "pygments": {
            "hashes": [
                "sha256:b8e67fe6af78f492b3c4b3e2970c0624cbf08beb1e493b2c99b9fa1b67a20380",
                "sha256:f398865f7eb6874156579fdf36bc840a03cab64d1cde9e93d68f46a425ec52c6"
            ],
            "markers": "python_version >= '3.5'",
            "version": "==2.10.0"
        },
        "six": {
            "hashes": [
                "sha256:1e61c37477a1626458e36f7b1d82aa5c9b094fa4802892072e49de9c60c4c926",
                "sha256:8abb2f1d86890a2dfb989f9a77cfcfd3e47c2a354b01111771326f8aa26e0254"
            ],
            "markers": "python_version >= '2.7' and python_version not in '3.0, 3.1, 3.2, 3.3'",
            "version": "==1.16.0"
        },
        "traitlets": {
            "hashes": [
                "sha256:70b4c6a1d9019d7b4f6846832288f86998aa3b9207c6821f3578a6a6a467fe44",
                "sha256:d023ee369ddd2763310e4c3eae1ff649689440d4ae59d7485eb4cfbbe3e359f7"
            ],
            "version": "==4.3.3"
        },
        "wcwidth": {
            "hashes": [
                "sha256:beb4802a9cebb9144e99086eff703a642a13d6a0052920003a230f3294bbe784",
                "sha256:c4d647b99872929fdb7bdcaa4fbe7f01413ed3d98077df798530e5b04f116c83"
            ],
            "version": "==0.2.5"
        }
    }
}
